
Microsoft Visual Studio Solution File, Format Version 12.00
# Visual Studio 15
VisualStudioVersion = 15.0.28307.572
MinimumVisualStudioVersion = 10.0.40219.1
Project("{FAE04EC0-301F-11D3-BF4B-00C04F79EFBC}") = "GraphQL.API", "GraphQL.API\GraphQL.API.csproj", "{2038EE3B-66B0-40EA-8F13-675611FE1F22}"
EndProject
Project("{FAE04EC0-301F-11D3-BF4B-00C04F79EFBC}") = "GraphQL.Infraestructure.Data.Database", "GraphQL.Infraestructure.Data.Database\GraphQL.Infraestructure.Data.Database.csproj", "{5A3C4232-F9E9-492E-A6B8-FAD29C4D83EE}"
EndProject
Global
	GlobalSection(SolutionConfigurationPlatforms) = preSolution
		Debug|Any CPU = Debug|Any CPU
		Release|Any CPU = Release|Any CPU
	EndGlobalSection
	GlobalSection(ProjectConfigurationPlatforms) = postSolution
		{2038EE3B-66B0-40EA-8F13-675611FE1F22}.Debug|Any CPU.ActiveCfg = Debug|Any CPU
		{2038EE3B-66B0-40EA-8F13-675611FE1F22}.Debug|Any CPU.Build.0 = Debug|Any CPU
		{2038EE3B-66B0-40EA-8F13-675611FE1F22}.Release|Any CPU.ActiveCfg = Release|Any CPU
		{2038EE3B-66B0-40EA-8F13-675611FE1F22}.Release|Any CPU.Build.0 = Release|Any CPU
		{5A3C4232-F9E9-492E-A6B8-FAD29C4D83EE}.Debug|Any CPU.ActiveCfg = Debug|Any CPU
		{5A3C4232-F9E9-492E-A6B8-FAD29C4D83EE}.Debug|Any CPU.Build.0 = Debug|Any CPU
		{5A3C4232-F9E9-492E-A6B8-FAD29C4D83EE}.Release|Any CPU.ActiveCfg = Release|Any CPU
		{5A3C4232-F9E9-492E-A6B8-FAD29C4D83EE}.Release|Any CPU.Build.0 = Release|Any CPU
	EndGlobalSection
	GlobalSection(SolutionProperties) = preSolution
		HideSolutionNode = FALSE
	EndGlobalSection
	GlobalSection(ExtensibilityGlobals) = postSolution
		SolutionGuid = {F1EA50C8-1C07-4A19-982D-0E126DB18B70}
	EndGlobalSection
EndGlobal
